
Microsoft Visual Studio Solution File, Format Version 12.00
# Visual Studio Version 16
VisualStudioVersion = 16.0.29230.47
MinimumVisualStudioVersion = 15.0.26124.0
Project("{2150E333-8FDC-42A3-9474-1A3956D46DE8}") = "src", "src", "{DF545B54-78FB-42D0-A842-A1490A579B37}"
EndProject
Project("{2150E333-8FDC-42A3-9474-1A3956D46DE8}") = "test", "test", "{DE50F426-4409-4573-8502-93364ED12E0C}"
EndProject
Project("{9A19103F-16F7-4668-BE54-9A1E7A4F7556}") = "Aguacongas.TheIdServer", "src\Aguacongas.TheIdServer\Aguacongas.TheIdServer.csproj", "{69FEEE26-D7DA-481A-8943-593FE18248C0}"
EndProject
Project("{9A19103F-16F7-4668-BE54-9A1E7A4F7556}") = "Aguacongas.TheIdServer.BlazorApp", "src\Aguacongas.TheIdServer.BlazorApp\Aguacongas.TheIdServer.BlazorApp.csproj", "{EA6B36B1-DAD7-4CB6-BC6F-C3CC8C6ACEC3}"
EndProject
Project("{2150E333-8FDC-42A3-9474-1A3956D46DE8}") = "IdentityServer", "IdentityServer", "{DF368D6C-D11F-49F9-BF41-090AE1D10C6D}"
EndProject
Project("{9A19103F-16F7-4668-BE54-9A1E7A4F7556}") = "Aguacongas.IdentityServer.EntityFramework.Store", "src\IdentityServer\Aguacongas.IdentityServer.EntityFramework.Store\Aguacongas.IdentityServer.EntityFramework.Store.csproj", "{5B677422-CB6A-458A-ADA3-2532B3DCD6CA}"
EndProject
Project("{9A19103F-16F7-4668-BE54-9A1E7A4F7556}") = "Aguacongas.IdentityServer.Store", "src\IdentityServer\Aguacongas.IdentityServer.Store\Aguacongas.IdentityServer.Store.csproj", "{B811CE95-288B-4614-8C83-7AA4328FC0E3}"
EndProject
Project("{9A19103F-16F7-4668-BE54-9A1E7A4F7556}") = "Aguacongas.IdentityServer.Admin", "src\IdentityServer\Aguacongas.IdentityServer.Admin\Aguacongas.IdentityServer.Admin.csproj", "{5C73CEBA-2D2E-4259-887C-3D18296D30B7}"
EndProject
Project("{2150E333-8FDC-42A3-9474-1A3956D46DE8}") = "sample", "sample", "{98BBB159-779B-497B-927B-723592E84860}"
EndProject
Project("{9A19103F-16F7-4668-BE54-9A1E7A4F7556}") = "Aguacongas.TheIdServer.ApiSample", "sample\Aguacongas.TheIdServer.ApiSample\Aguacongas.TheIdServer.ApiSample.csproj", "{48C25F06-BAE2-4624-B4E1-C6BB2F1A5597}"
EndProject
Project("{9A19103F-16F7-4668-BE54-9A1E7A4F7556}") = "Aguacongas.TheIdServer.MvcClient", "sample\Aguacongas.TheIdServer.MvcClient\Aguacongas.TheIdServer.MvcClient.csproj", "{5DE7B3EF-E195-4527-B94D-E16FEE3D2EFE}"
EndProject
Project("{9A19103F-16F7-4668-BE54-9A1E7A4F7556}") = "Aguacongas.TheIdentityServer.SpaSample", "sample\Aguacongas.TheIdentityServer.SpaSample\Aguacongas.TheIdentityServer.SpaSample.csproj", "{F7FD7595-F9CE-49D0-8635-69C44EE65034}"
EndProject
Project("{9A19103F-16F7-4668-BE54-9A1E7A4F7556}") = "Aguacongas.TheIdServer.Sample.Shared", "sample\Aguacongas.TheIdServer.Sample.Shared\Aguacongas.TheIdServer.Sample.Shared.csproj", "{FE898782-780E-4B38-9786-C06008F3F96B}"
EndProject
Project("{9A19103F-16F7-4668-BE54-9A1E7A4F7556}") = "Aguacongas.IdentityServer", "src\IdentityServer\Aguacongas.IdentityServer\Aguacongas.IdentityServer.csproj", "{99E520F3-A816-4F23-85A8-383C9B04B9BE}"
EndProject
Project("{9A19103F-16F7-4668-BE54-9A1E7A4F7556}") = "Microsoft.AspNetCore.Components.Testing", "test\Microsoft.AspNetCore.Components.Testing\Microsoft.AspNetCore.Components.Testing.csproj", "{8A861741-4569-4474-98F5-C7E961F800E3}"
EndProject
Project("{9A19103F-16F7-4668-BE54-9A1E7A4F7556}") = "Aguacongas.TheIdServer.IntegrationTest", "test\Aguacongas.TheIdServer.IntegrationTest\Aguacongas.TheIdServer.IntegrationTest.csproj", "{7DB383F3-F309-421A-8747-901E429F7582}"
EndProject
Project("{9A19103F-16F7-4668-BE54-9A1E7A4F7556}") = "Aguacongas.TheIdServer.ClientCredentialSample", "sample\Aguacongas.TheIdServer.ClientCredentialSample\Aguacongas.TheIdServer.ClientCredentialSample.csproj", "{49AFD065-23BB-4E40-AEA5-39FF275FDA7A}"
EndProject
Project("{9A19103F-16F7-4668-BE54-9A1E7A4F7556}") = "Aguacongas.TheIdServer.BlazorApp.Test", "test\Aguacongas.TheIdServer.BlazorApp.Test\Aguacongas.TheIdServer.BlazorApp.Test.csproj", "{E31D86C7-66E2-4F8B-916F-2B363A6A70F6}"
EndProject
Project("{9A19103F-16F7-4668-BE54-9A1E7A4F7556}") = "Aguacongas.IdentityServer.Admin.Test", "test\Aguacongas.IdentityServer.Admin.Test\Aguacongas.IdentityServer.Admin.Test.csproj", "{A54917ED-90CE-4EDB-8B05-F402FC263E21}"
EndProject
Project("{9A19103F-16F7-4668-BE54-9A1E7A4F7556}") = "Aguacongas.IdentityServer.Admin.Http.Store", "src\IdentityServer\Aguacongas.IdentityServer.Admin.Http.Store\Aguacongas.IdentityServer.Admin.Http.Store.csproj", "{C9A2B595-1AB6-4F46-8D5D-31C21AB87F47}"
EndProject
Project("{9A19103F-16F7-4668-BE54-9A1E7A4F7556}") = "Aguacongas.IdentityServer.Http.Store", "src\IdentityServer\Aguacongas.IdentityServer.Http.Store\Aguacongas.IdentityServer.Http.Store.csproj", "{1353D8BC-C5FC-4760-9D42-C9574AA7C2D4}"
EndProject
Project("{2150E333-8FDC-42A3-9474-1A3956D46DE8}") = "MutltiTiers", "MutltiTiers", "{F6FFE02C-E4E0-43C3-A2EC-34B62E7281C6}"
EndProject
Project("{9A19103F-16F7-4668-BE54-9A1E7A4F7556}") = "Aguacongas.TheIdServer.Private", "sample\MultiTiers\Aguacongas.TheIdServer.Private\Aguacongas.TheIdServer.Private.csproj", "{C8937B97-C7AD-49D8-8655-7A8F0F818BBC}"
EndProject
Project("{9A19103F-16F7-4668-BE54-9A1E7A4F7556}") = "Aguacongas.TheIdServer.Public", "sample\MultiTiers\Aguacongas.TheIdServer.Public\Aguacongas.TheIdServer.Public.csproj", "{D5F297EF-4649-46D4-994A-03F26CF4D5DE}"
EndProject
Project("{9A19103F-16F7-4668-BE54-9A1E7A4F7556}") = "Aguacongas.TheIdServer.Api", "sample\MultiTiers\Aguacongas.TheIdServer.Api\Aguacongas.TheIdServer.Api.csproj", "{86767A50-87BE-4A2A-B53E-CDAD29DCD67E}"
EndProject
Project("{9A19103F-16F7-4668-BE54-9A1E7A4F7556}") = "Aguacongas.IdentityServer.Http.Store.Test", "test\Aguacongas.IdentityServer.Http.Store.Test\Aguacongas.IdentityServer.Http.Store.Test.csproj", "{CC6FA446-32C4-4E67-811C-C58D4E3670D0}"
EndProject
Project("{9A19103F-16F7-4668-BE54-9A1E7A4F7556}") = "Aguacongas.TheIdServer.DeviceFlowSample", "sample\Aguacongas.TheIdServer.DeviceFlowSample\Aguacongas.TheIdServer.DeviceFlowSample.csproj", "{A36931C8-4A4E-4A92-961C-D0AA6E8CB9C7}"
EndProject
Project("{9A19103F-16F7-4668-BE54-9A1E7A4F7556}") = "Aguacongas.IdentityServer.EntityFramework.Store.Test", "test\Aguacongas.IdentityServer.EntityFramework.Store.Test\Aguacongas.IdentityServer.EntityFramework.Store.Test.csproj", "{0F2187F7-FEE7-4A93-A9CA-02EF03EBCB5F}"
EndProject
Project("{9A19103F-16F7-4668-BE54-9A1E7A4F7556}") = "Aguacongas.TheIdServer.Identity", "src\Aguacongas.TheIdServer.Identity\Aguacongas.TheIdServer.Identity.csproj", "{837ED9F5-91A3-4AEB-9A29-22881643F6C2}"
EndProject
Project("{9A19103F-16F7-4668-BE54-9A1E7A4F7556}") = "Aguacongas.TheIdServer.Identity.IntegrationTest", "test\Aguacongas.TheIdServer.Identity.IntegrationTest\Aguacongas.TheIdServer.Identity.IntegrationTest.csproj", "{E6ED6D3D-5CD0-4995-B50B-3739DA6AD1A3}"
EndProject
Project("{9A19103F-16F7-4668-BE54-9A1E7A4F7556}") = "WebAssembly.Net.Http", "test\WebAssembly.Net.Http\WebAssembly.Net.Http.csproj", "{1FC45D3A-B43E-4688-94DD-2F34A6C60496}"
EndProject
Project("{9A19103F-16F7-4668-BE54-9A1E7A4F7556}") = "Aguacongas.TheIdServer.Identity.Test", "test\Aguacongas.TheIdServer.Identity.Test\Aguacongas.TheIdServer.Identity.Test.csproj", "{87F13507-EAE4-456D-BBE3-2D2C94C3356A}"
EndProject
Project("{9A19103F-16F7-4668-BE54-9A1E7A4F7556}") = "Aguacongas.TheIdServer.Authentication", "src\Aguacongas.TheIdServer.Authentication\Aguacongas.TheIdServer.Authentication.csproj", "{9F64CDFF-6347-4F62-B74F-C6CA2743E667}"
EndProject
Project("{9A19103F-16F7-4668-BE54-9A1E7A4F7556}") = "Aguacongas.TheIdServer.Authentication.IntegrationTest", "test\Aguacongas.TheIdServer.Authentication..Integration.Test\Aguacongas.TheIdServer.Authentication.IntegrationTest.csproj", "{7F9CAFD6-D361-4CB8-A6E1-7F1D0BEE4AEB}"
EndProject
Project("{9A19103F-16F7-4668-BE54-9A1E7A4F7556}") = "Aguacongas.TheIdServer.Test", "test\Aguacongas.TheIdServer.Test\Aguacongas.TheIdServer.Test.csproj", "{34B6748E-64C1-46A3-AABE-56E215204542}"
EndProject
Project("{2150E333-8FDC-42A3-9474-1A3956D46DE8}") = "BlazorApp", "BlazorApp", "{8A3B91E5-02A3-42F0-B2E7-E419B5086FFA}"
EndProject
Project("{9A19103F-16F7-4668-BE54-9A1E7A4F7556}") = "Aguacongas.TheIdServer.BlazorApp.Infrastructure", "src\BlazorApp\Aguacongas.TheIdServer.BlazorApp.Infrastructure\Aguacongas.TheIdServer.BlazorApp.Infrastructure.csproj", "{C2806393-D1EB-4DDE-8A4B-AA65014B8D08}"
EndProject
Project("{9A19103F-16F7-4668-BE54-9A1E7A4F7556}") = "Aguacongas.TheIdServer.BlazorApp.Components", "src\BlazorApp\Aguacongas.TheIdServer.BlazorApp.Components\Aguacongas.TheIdServer.BlazorApp.Components.csproj", "{54A378B8-9BA4-4082-A044-2A8DEA7DEAEA}"
EndProject
Project("{9A19103F-16F7-4668-BE54-9A1E7A4F7556}") = "Aguacongas.TheIdServer.BlazorApp.Pages", "src\BlazorApp\Aguacongas.TheIdServer.BlazorApp.Pages\Aguacongas.TheIdServer.BlazorApp.Pages.csproj", "{665F5796-7F54-44D7-8976-9ADA169353F1}"
EndProject
Global
	GlobalSection(SolutionConfigurationPlatforms) = preSolution
		Debug|Any CPU = Debug|Any CPU
		Debug|x64 = Debug|x64
		Debug|x86 = Debug|x86
		Release|Any CPU = Release|Any CPU
		Release|x64 = Release|x64
		Release|x86 = Release|x86
	EndGlobalSection
	GlobalSection(ProjectConfigurationPlatforms) = postSolution
		{69FEEE26-D7DA-481A-8943-593FE18248C0}.Debug|Any CPU.ActiveCfg = Debug|Any CPU
		{69FEEE26-D7DA-481A-8943-593FE18248C0}.Debug|Any CPU.Build.0 = Debug|Any CPU
		{69FEEE26-D7DA-481A-8943-593FE18248C0}.Debug|x64.ActiveCfg = Debug|Any CPU
		{69FEEE26-D7DA-481A-8943-593FE18248C0}.Debug|x64.Build.0 = Debug|Any CPU
		{69FEEE26-D7DA-481A-8943-593FE18248C0}.Debug|x86.ActiveCfg = Debug|Any CPU
		{69FEEE26-D7DA-481A-8943-593FE18248C0}.Debug|x86.Build.0 = Debug|Any CPU
		{69FEEE26-D7DA-481A-8943-593FE18248C0}.Release|Any CPU.ActiveCfg = Release|Any CPU
		{69FEEE26-D7DA-481A-8943-593FE18248C0}.Release|Any CPU.Build.0 = Release|Any CPU
		{69FEEE26-D7DA-481A-8943-593FE18248C0}.Release|x64.ActiveCfg = Release|Any CPU
		{69FEEE26-D7DA-481A-8943-593FE18248C0}.Release|x64.Build.0 = Release|Any CPU
		{69FEEE26-D7DA-481A-8943-593FE18248C0}.Release|x86.ActiveCfg = Release|Any CPU
		{69FEEE26-D7DA-481A-8943-593FE18248C0}.Release|x86.Build.0 = Release|Any CPU
		{EA6B36B1-DAD7-4CB6-BC6F-C3CC8C6ACEC3}.Debug|Any CPU.ActiveCfg = Debug|Any CPU
		{EA6B36B1-DAD7-4CB6-BC6F-C3CC8C6ACEC3}.Debug|Any CPU.Build.0 = Debug|Any CPU
		{EA6B36B1-DAD7-4CB6-BC6F-C3CC8C6ACEC3}.Debug|x64.ActiveCfg = Debug|Any CPU
		{EA6B36B1-DAD7-4CB6-BC6F-C3CC8C6ACEC3}.Debug|x64.Build.0 = Debug|Any CPU
		{EA6B36B1-DAD7-4CB6-BC6F-C3CC8C6ACEC3}.Debug|x86.ActiveCfg = Debug|Any CPU
		{EA6B36B1-DAD7-4CB6-BC6F-C3CC8C6ACEC3}.Debug|x86.Build.0 = Debug|Any CPU
		{EA6B36B1-DAD7-4CB6-BC6F-C3CC8C6ACEC3}.Release|Any CPU.ActiveCfg = Release|Any CPU
		{EA6B36B1-DAD7-4CB6-BC6F-C3CC8C6ACEC3}.Release|Any CPU.Build.0 = Release|Any CPU
		{EA6B36B1-DAD7-4CB6-BC6F-C3CC8C6ACEC3}.Release|x64.ActiveCfg = Release|Any CPU
		{EA6B36B1-DAD7-4CB6-BC6F-C3CC8C6ACEC3}.Release|x64.Build.0 = Release|Any CPU
		{EA6B36B1-DAD7-4CB6-BC6F-C3CC8C6ACEC3}.Release|x86.ActiveCfg = Release|Any CPU
		{EA6B36B1-DAD7-4CB6-BC6F-C3CC8C6ACEC3}.Release|x86.Build.0 = Release|Any CPU
		{5B677422-CB6A-458A-ADA3-2532B3DCD6CA}.Debug|Any CPU.ActiveCfg = Debug|Any CPU
		{5B677422-CB6A-458A-ADA3-2532B3DCD6CA}.Debug|Any CPU.Build.0 = Debug|Any CPU
		{5B677422-CB6A-458A-ADA3-2532B3DCD6CA}.Debug|x64.ActiveCfg = Debug|Any CPU
		{5B677422-CB6A-458A-ADA3-2532B3DCD6CA}.Debug|x64.Build.0 = Debug|Any CPU
		{5B677422-CB6A-458A-ADA3-2532B3DCD6CA}.Debug|x86.ActiveCfg = Debug|Any CPU
		{5B677422-CB6A-458A-ADA3-2532B3DCD6CA}.Debug|x86.Build.0 = Debug|Any CPU
		{5B677422-CB6A-458A-ADA3-2532B3DCD6CA}.Release|Any CPU.ActiveCfg = Release|Any CPU
		{5B677422-CB6A-458A-ADA3-2532B3DCD6CA}.Release|Any CPU.Build.0 = Release|Any CPU
		{5B677422-CB6A-458A-ADA3-2532B3DCD6CA}.Release|x64.ActiveCfg = Release|Any CPU
		{5B677422-CB6A-458A-ADA3-2532B3DCD6CA}.Release|x64.Build.0 = Release|Any CPU
		{5B677422-CB6A-458A-ADA3-2532B3DCD6CA}.Release|x86.ActiveCfg = Release|Any CPU
		{5B677422-CB6A-458A-ADA3-2532B3DCD6CA}.Release|x86.Build.0 = Release|Any CPU
		{B811CE95-288B-4614-8C83-7AA4328FC0E3}.Debug|Any CPU.ActiveCfg = Debug|Any CPU
		{B811CE95-288B-4614-8C83-7AA4328FC0E3}.Debug|Any CPU.Build.0 = Debug|Any CPU
		{B811CE95-288B-4614-8C83-7AA4328FC0E3}.Debug|x64.ActiveCfg = Debug|Any CPU
		{B811CE95-288B-4614-8C83-7AA4328FC0E3}.Debug|x64.Build.0 = Debug|Any CPU
		{B811CE95-288B-4614-8C83-7AA4328FC0E3}.Debug|x86.ActiveCfg = Debug|Any CPU
		{B811CE95-288B-4614-8C83-7AA4328FC0E3}.Debug|x86.Build.0 = Debug|Any CPU
		{B811CE95-288B-4614-8C83-7AA4328FC0E3}.Release|Any CPU.ActiveCfg = Release|Any CPU
		{B811CE95-288B-4614-8C83-7AA4328FC0E3}.Release|Any CPU.Build.0 = Release|Any CPU
		{B811CE95-288B-4614-8C83-7AA4328FC0E3}.Release|x64.ActiveCfg = Release|Any CPU
		{B811CE95-288B-4614-8C83-7AA4328FC0E3}.Release|x64.Build.0 = Release|Any CPU
		{B811CE95-288B-4614-8C83-7AA4328FC0E3}.Release|x86.ActiveCfg = Release|Any CPU
		{B811CE95-288B-4614-8C83-7AA4328FC0E3}.Release|x86.Build.0 = Release|Any CPU
		{5C73CEBA-2D2E-4259-887C-3D18296D30B7}.Debug|Any CPU.ActiveCfg = Debug|Any CPU
		{5C73CEBA-2D2E-4259-887C-3D18296D30B7}.Debug|Any CPU.Build.0 = Debug|Any CPU
		{5C73CEBA-2D2E-4259-887C-3D18296D30B7}.Debug|x64.ActiveCfg = Debug|Any CPU
		{5C73CEBA-2D2E-4259-887C-3D18296D30B7}.Debug|x64.Build.0 = Debug|Any CPU
		{5C73CEBA-2D2E-4259-887C-3D18296D30B7}.Debug|x86.ActiveCfg = Debug|Any CPU
		{5C73CEBA-2D2E-4259-887C-3D18296D30B7}.Debug|x86.Build.0 = Debug|Any CPU
		{5C73CEBA-2D2E-4259-887C-3D18296D30B7}.Release|Any CPU.ActiveCfg = Release|Any CPU
		{5C73CEBA-2D2E-4259-887C-3D18296D30B7}.Release|Any CPU.Build.0 = Release|Any CPU
		{5C73CEBA-2D2E-4259-887C-3D18296D30B7}.Release|x64.ActiveCfg = Release|Any CPU
		{5C73CEBA-2D2E-4259-887C-3D18296D30B7}.Release|x64.Build.0 = Release|Any CPU
		{5C73CEBA-2D2E-4259-887C-3D18296D30B7}.Release|x86.ActiveCfg = Release|Any CPU
		{5C73CEBA-2D2E-4259-887C-3D18296D30B7}.Release|x86.Build.0 = Release|Any CPU
		{48C25F06-BAE2-4624-B4E1-C6BB2F1A5597}.Debug|Any CPU.ActiveCfg = Debug|Any CPU
		{48C25F06-BAE2-4624-B4E1-C6BB2F1A5597}.Debug|Any CPU.Build.0 = Debug|Any CPU
		{48C25F06-BAE2-4624-B4E1-C6BB2F1A5597}.Debug|x64.ActiveCfg = Debug|Any CPU
		{48C25F06-BAE2-4624-B4E1-C6BB2F1A5597}.Debug|x64.Build.0 = Debug|Any CPU
		{48C25F06-BAE2-4624-B4E1-C6BB2F1A5597}.Debug|x86.ActiveCfg = Debug|Any CPU
		{48C25F06-BAE2-4624-B4E1-C6BB2F1A5597}.Debug|x86.Build.0 = Debug|Any CPU
		{48C25F06-BAE2-4624-B4E1-C6BB2F1A5597}.Release|Any CPU.ActiveCfg = Release|Any CPU
		{48C25F06-BAE2-4624-B4E1-C6BB2F1A5597}.Release|Any CPU.Build.0 = Release|Any CPU
		{48C25F06-BAE2-4624-B4E1-C6BB2F1A5597}.Release|x64.ActiveCfg = Release|Any CPU
		{48C25F06-BAE2-4624-B4E1-C6BB2F1A5597}.Release|x64.Build.0 = Release|Any CPU
		{48C25F06-BAE2-4624-B4E1-C6BB2F1A5597}.Release|x86.ActiveCfg = Release|Any CPU
		{48C25F06-BAE2-4624-B4E1-C6BB2F1A5597}.Release|x86.Build.0 = Release|Any CPU
		{5DE7B3EF-E195-4527-B94D-E16FEE3D2EFE}.Debug|Any CPU.ActiveCfg = Debug|Any CPU
		{5DE7B3EF-E195-4527-B94D-E16FEE3D2EFE}.Debug|Any CPU.Build.0 = Debug|Any CPU
		{5DE7B3EF-E195-4527-B94D-E16FEE3D2EFE}.Debug|x64.ActiveCfg = Debug|Any CPU
		{5DE7B3EF-E195-4527-B94D-E16FEE3D2EFE}.Debug|x64.Build.0 = Debug|Any CPU
		{5DE7B3EF-E195-4527-B94D-E16FEE3D2EFE}.Debug|x86.ActiveCfg = Debug|Any CPU
		{5DE7B3EF-E195-4527-B94D-E16FEE3D2EFE}.Debug|x86.Build.0 = Debug|Any CPU
		{5DE7B3EF-E195-4527-B94D-E16FEE3D2EFE}.Release|Any CPU.ActiveCfg = Release|Any CPU
		{5DE7B3EF-E195-4527-B94D-E16FEE3D2EFE}.Release|Any CPU.Build.0 = Release|Any CPU
		{5DE7B3EF-E195-4527-B94D-E16FEE3D2EFE}.Release|x64.ActiveCfg = Release|Any CPU
		{5DE7B3EF-E195-4527-B94D-E16FEE3D2EFE}.Release|x64.Build.0 = Release|Any CPU
		{5DE7B3EF-E195-4527-B94D-E16FEE3D2EFE}.Release|x86.ActiveCfg = Release|Any CPU
		{5DE7B3EF-E195-4527-B94D-E16FEE3D2EFE}.Release|x86.Build.0 = Release|Any CPU
		{F7FD7595-F9CE-49D0-8635-69C44EE65034}.Debug|Any CPU.ActiveCfg = Debug|Any CPU
		{F7FD7595-F9CE-49D0-8635-69C44EE65034}.Debug|Any CPU.Build.0 = Debug|Any CPU
		{F7FD7595-F9CE-49D0-8635-69C44EE65034}.Debug|x64.ActiveCfg = Debug|Any CPU
		{F7FD7595-F9CE-49D0-8635-69C44EE65034}.Debug|x64.Build.0 = Debug|Any CPU
		{F7FD7595-F9CE-49D0-8635-69C44EE65034}.Debug|x86.ActiveCfg = Debug|Any CPU
		{F7FD7595-F9CE-49D0-8635-69C44EE65034}.Debug|x86.Build.0 = Debug|Any CPU
		{F7FD7595-F9CE-49D0-8635-69C44EE65034}.Release|Any CPU.ActiveCfg = Release|Any CPU
		{F7FD7595-F9CE-49D0-8635-69C44EE65034}.Release|Any CPU.Build.0 = Release|Any CPU
		{F7FD7595-F9CE-49D0-8635-69C44EE65034}.Release|x64.ActiveCfg = Release|Any CPU
		{F7FD7595-F9CE-49D0-8635-69C44EE65034}.Release|x64.Build.0 = Release|Any CPU
		{F7FD7595-F9CE-49D0-8635-69C44EE65034}.Release|x86.ActiveCfg = Release|Any CPU
		{F7FD7595-F9CE-49D0-8635-69C44EE65034}.Release|x86.Build.0 = Release|Any CPU
		{FE898782-780E-4B38-9786-C06008F3F96B}.Debug|Any CPU.ActiveCfg = Debug|Any CPU
		{FE898782-780E-4B38-9786-C06008F3F96B}.Debug|Any CPU.Build.0 = Debug|Any CPU
		{FE898782-780E-4B38-9786-C06008F3F96B}.Debug|x64.ActiveCfg = Debug|Any CPU
		{FE898782-780E-4B38-9786-C06008F3F96B}.Debug|x64.Build.0 = Debug|Any CPU
		{FE898782-780E-4B38-9786-C06008F3F96B}.Debug|x86.ActiveCfg = Debug|Any CPU
		{FE898782-780E-4B38-9786-C06008F3F96B}.Debug|x86.Build.0 = Debug|Any CPU
		{FE898782-780E-4B38-9786-C06008F3F96B}.Release|Any CPU.ActiveCfg = Release|Any CPU
		{FE898782-780E-4B38-9786-C06008F3F96B}.Release|Any CPU.Build.0 = Release|Any CPU
		{FE898782-780E-4B38-9786-C06008F3F96B}.Release|x64.ActiveCfg = Release|Any CPU
		{FE898782-780E-4B38-9786-C06008F3F96B}.Release|x64.Build.0 = Release|Any CPU
		{FE898782-780E-4B38-9786-C06008F3F96B}.Release|x86.ActiveCfg = Release|Any CPU
		{FE898782-780E-4B38-9786-C06008F3F96B}.Release|x86.Build.0 = Release|Any CPU
		{99E520F3-A816-4F23-85A8-383C9B04B9BE}.Debug|Any CPU.ActiveCfg = Debug|Any CPU
		{99E520F3-A816-4F23-85A8-383C9B04B9BE}.Debug|Any CPU.Build.0 = Debug|Any CPU
		{99E520F3-A816-4F23-85A8-383C9B04B9BE}.Debug|x64.ActiveCfg = Debug|Any CPU
		{99E520F3-A816-4F23-85A8-383C9B04B9BE}.Debug|x64.Build.0 = Debug|Any CPU
		{99E520F3-A816-4F23-85A8-383C9B04B9BE}.Debug|x86.ActiveCfg = Debug|Any CPU
		{99E520F3-A816-4F23-85A8-383C9B04B9BE}.Debug|x86.Build.0 = Debug|Any CPU
		{99E520F3-A816-4F23-85A8-383C9B04B9BE}.Release|Any CPU.ActiveCfg = Release|Any CPU
		{99E520F3-A816-4F23-85A8-383C9B04B9BE}.Release|Any CPU.Build.0 = Release|Any CPU
		{99E520F3-A816-4F23-85A8-383C9B04B9BE}.Release|x64.ActiveCfg = Release|Any CPU
		{99E520F3-A816-4F23-85A8-383C9B04B9BE}.Release|x64.Build.0 = Release|Any CPU
		{99E520F3-A816-4F23-85A8-383C9B04B9BE}.Release|x86.ActiveCfg = Release|Any CPU
		{99E520F3-A816-4F23-85A8-383C9B04B9BE}.Release|x86.Build.0 = Release|Any CPU
		{8A861741-4569-4474-98F5-C7E961F800E3}.Debug|Any CPU.ActiveCfg = Debug|Any CPU
		{8A861741-4569-4474-98F5-C7E961F800E3}.Debug|Any CPU.Build.0 = Debug|Any CPU
		{8A861741-4569-4474-98F5-C7E961F800E3}.Debug|x64.ActiveCfg = Debug|Any CPU
		{8A861741-4569-4474-98F5-C7E961F800E3}.Debug|x64.Build.0 = Debug|Any CPU
		{8A861741-4569-4474-98F5-C7E961F800E3}.Debug|x86.ActiveCfg = Debug|Any CPU
		{8A861741-4569-4474-98F5-C7E961F800E3}.Debug|x86.Build.0 = Debug|Any CPU
		{8A861741-4569-4474-98F5-C7E961F800E3}.Release|Any CPU.ActiveCfg = Release|Any CPU
		{8A861741-4569-4474-98F5-C7E961F800E3}.Release|Any CPU.Build.0 = Release|Any CPU
		{8A861741-4569-4474-98F5-C7E961F800E3}.Release|x64.ActiveCfg = Release|Any CPU
		{8A861741-4569-4474-98F5-C7E961F800E3}.Release|x64.Build.0 = Release|Any CPU
		{8A861741-4569-4474-98F5-C7E961F800E3}.Release|x86.ActiveCfg = Release|Any CPU
		{8A861741-4569-4474-98F5-C7E961F800E3}.Release|x86.Build.0 = Release|Any CPU
		{7DB383F3-F309-421A-8747-901E429F7582}.Debug|Any CPU.ActiveCfg = Debug|Any CPU
		{7DB383F3-F309-421A-8747-901E429F7582}.Debug|Any CPU.Build.0 = Debug|Any CPU
		{7DB383F3-F309-421A-8747-901E429F7582}.Debug|x64.ActiveCfg = Debug|Any CPU
		{7DB383F3-F309-421A-8747-901E429F7582}.Debug|x64.Build.0 = Debug|Any CPU
		{7DB383F3-F309-421A-8747-901E429F7582}.Debug|x86.ActiveCfg = Debug|Any CPU
		{7DB383F3-F309-421A-8747-901E429F7582}.Debug|x86.Build.0 = Debug|Any CPU
		{7DB383F3-F309-421A-8747-901E429F7582}.Release|Any CPU.ActiveCfg = Release|Any CPU
		{7DB383F3-F309-421A-8747-901E429F7582}.Release|Any CPU.Build.0 = Release|Any CPU
		{7DB383F3-F309-421A-8747-901E429F7582}.Release|x64.ActiveCfg = Release|Any CPU
		{7DB383F3-F309-421A-8747-901E429F7582}.Release|x64.Build.0 = Release|Any CPU
		{7DB383F3-F309-421A-8747-901E429F7582}.Release|x86.ActiveCfg = Release|Any CPU
		{7DB383F3-F309-421A-8747-901E429F7582}.Release|x86.Build.0 = Release|Any CPU
		{49AFD065-23BB-4E40-AEA5-39FF275FDA7A}.Debug|Any CPU.ActiveCfg = Debug|Any CPU
		{49AFD065-23BB-4E40-AEA5-39FF275FDA7A}.Debug|Any CPU.Build.0 = Debug|Any CPU
		{49AFD065-23BB-4E40-AEA5-39FF275FDA7A}.Debug|x64.ActiveCfg = Debug|Any CPU
		{49AFD065-23BB-4E40-AEA5-39FF275FDA7A}.Debug|x64.Build.0 = Debug|Any CPU
		{49AFD065-23BB-4E40-AEA5-39FF275FDA7A}.Debug|x86.ActiveCfg = Debug|Any CPU
		{49AFD065-23BB-4E40-AEA5-39FF275FDA7A}.Debug|x86.Build.0 = Debug|Any CPU
		{49AFD065-23BB-4E40-AEA5-39FF275FDA7A}.Release|Any CPU.ActiveCfg = Release|Any CPU
		{49AFD065-23BB-4E40-AEA5-39FF275FDA7A}.Release|Any CPU.Build.0 = Release|Any CPU
		{49AFD065-23BB-4E40-AEA5-39FF275FDA7A}.Release|x64.ActiveCfg = Release|Any CPU
		{49AFD065-23BB-4E40-AEA5-39FF275FDA7A}.Release|x64.Build.0 = Release|Any CPU
		{49AFD065-23BB-4E40-AEA5-39FF275FDA7A}.Release|x86.ActiveCfg = Release|Any CPU
		{49AFD065-23BB-4E40-AEA5-39FF275FDA7A}.Release|x86.Build.0 = Release|Any CPU
		{E31D86C7-66E2-4F8B-916F-2B363A6A70F6}.Debug|Any CPU.ActiveCfg = Debug|Any CPU
		{E31D86C7-66E2-4F8B-916F-2B363A6A70F6}.Debug|Any CPU.Build.0 = Debug|Any CPU
		{E31D86C7-66E2-4F8B-916F-2B363A6A70F6}.Debug|x64.ActiveCfg = Debug|Any CPU
		{E31D86C7-66E2-4F8B-916F-2B363A6A70F6}.Debug|x64.Build.0 = Debug|Any CPU
		{E31D86C7-66E2-4F8B-916F-2B363A6A70F6}.Debug|x86.ActiveCfg = Debug|Any CPU
		{E31D86C7-66E2-4F8B-916F-2B363A6A70F6}.Debug|x86.Build.0 = Debug|Any CPU
		{E31D86C7-66E2-4F8B-916F-2B363A6A70F6}.Release|Any CPU.ActiveCfg = Release|Any CPU
		{E31D86C7-66E2-4F8B-916F-2B363A6A70F6}.Release|Any CPU.Build.0 = Release|Any CPU
		{E31D86C7-66E2-4F8B-916F-2B363A6A70F6}.Release|x64.ActiveCfg = Release|Any CPU
		{E31D86C7-66E2-4F8B-916F-2B363A6A70F6}.Release|x64.Build.0 = Release|Any CPU
		{E31D86C7-66E2-4F8B-916F-2B363A6A70F6}.Release|x86.ActiveCfg = Release|Any CPU
		{E31D86C7-66E2-4F8B-916F-2B363A6A70F6}.Release|x86.Build.0 = Release|Any CPU
		{A54917ED-90CE-4EDB-8B05-F402FC263E21}.Debug|Any CPU.ActiveCfg = Debug|Any CPU
		{A54917ED-90CE-4EDB-8B05-F402FC263E21}.Debug|Any CPU.Build.0 = Debug|Any CPU
		{A54917ED-90CE-4EDB-8B05-F402FC263E21}.Debug|x64.ActiveCfg = Debug|Any CPU
		{A54917ED-90CE-4EDB-8B05-F402FC263E21}.Debug|x64.Build.0 = Debug|Any CPU
		{A54917ED-90CE-4EDB-8B05-F402FC263E21}.Debug|x86.ActiveCfg = Debug|Any CPU
		{A54917ED-90CE-4EDB-8B05-F402FC263E21}.Debug|x86.Build.0 = Debug|Any CPU
		{A54917ED-90CE-4EDB-8B05-F402FC263E21}.Release|Any CPU.ActiveCfg = Release|Any CPU
		{A54917ED-90CE-4EDB-8B05-F402FC263E21}.Release|Any CPU.Build.0 = Release|Any CPU
		{A54917ED-90CE-4EDB-8B05-F402FC263E21}.Release|x64.ActiveCfg = Release|Any CPU
		{A54917ED-90CE-4EDB-8B05-F402FC263E21}.Release|x64.Build.0 = Release|Any CPU
		{A54917ED-90CE-4EDB-8B05-F402FC263E21}.Release|x86.ActiveCfg = Release|Any CPU
		{A54917ED-90CE-4EDB-8B05-F402FC263E21}.Release|x86.Build.0 = Release|Any CPU
		{C9A2B595-1AB6-4F46-8D5D-31C21AB87F47}.Debug|Any CPU.ActiveCfg = Debug|Any CPU
		{C9A2B595-1AB6-4F46-8D5D-31C21AB87F47}.Debug|Any CPU.Build.0 = Debug|Any CPU
		{C9A2B595-1AB6-4F46-8D5D-31C21AB87F47}.Debug|x64.ActiveCfg = Debug|Any CPU
		{C9A2B595-1AB6-4F46-8D5D-31C21AB87F47}.Debug|x64.Build.0 = Debug|Any CPU
		{C9A2B595-1AB6-4F46-8D5D-31C21AB87F47}.Debug|x86.ActiveCfg = Debug|Any CPU
		{C9A2B595-1AB6-4F46-8D5D-31C21AB87F47}.Debug|x86.Build.0 = Debug|Any CPU
		{C9A2B595-1AB6-4F46-8D5D-31C21AB87F47}.Release|Any CPU.ActiveCfg = Release|Any CPU
		{C9A2B595-1AB6-4F46-8D5D-31C21AB87F47}.Release|Any CPU.Build.0 = Release|Any CPU
		{C9A2B595-1AB6-4F46-8D5D-31C21AB87F47}.Release|x64.ActiveCfg = Release|Any CPU
		{C9A2B595-1AB6-4F46-8D5D-31C21AB87F47}.Release|x64.Build.0 = Release|Any CPU
		{C9A2B595-1AB6-4F46-8D5D-31C21AB87F47}.Release|x86.ActiveCfg = Release|Any CPU
		{C9A2B595-1AB6-4F46-8D5D-31C21AB87F47}.Release|x86.Build.0 = Release|Any CPU
		{1353D8BC-C5FC-4760-9D42-C9574AA7C2D4}.Debug|Any CPU.ActiveCfg = Debug|Any CPU
		{1353D8BC-C5FC-4760-9D42-C9574AA7C2D4}.Debug|Any CPU.Build.0 = Debug|Any CPU
		{1353D8BC-C5FC-4760-9D42-C9574AA7C2D4}.Debug|x64.ActiveCfg = Debug|Any CPU
		{1353D8BC-C5FC-4760-9D42-C9574AA7C2D4}.Debug|x64.Build.0 = Debug|Any CPU
		{1353D8BC-C5FC-4760-9D42-C9574AA7C2D4}.Debug|x86.ActiveCfg = Debug|Any CPU
		{1353D8BC-C5FC-4760-9D42-C9574AA7C2D4}.Debug|x86.Build.0 = Debug|Any CPU
		{1353D8BC-C5FC-4760-9D42-C9574AA7C2D4}.Release|Any CPU.ActiveCfg = Release|Any CPU
		{1353D8BC-C5FC-4760-9D42-C9574AA7C2D4}.Release|Any CPU.Build.0 = Release|Any CPU
		{1353D8BC-C5FC-4760-9D42-C9574AA7C2D4}.Release|x64.ActiveCfg = Release|Any CPU
		{1353D8BC-C5FC-4760-9D42-C9574AA7C2D4}.Release|x64.Build.0 = Release|Any CPU
		{1353D8BC-C5FC-4760-9D42-C9574AA7C2D4}.Release|x86.ActiveCfg = Release|Any CPU
		{1353D8BC-C5FC-4760-9D42-C9574AA7C2D4}.Release|x86.Build.0 = Release|Any CPU
		{C8937B97-C7AD-49D8-8655-7A8F0F818BBC}.Debug|Any CPU.ActiveCfg = Debug|Any CPU
		{C8937B97-C7AD-49D8-8655-7A8F0F818BBC}.Debug|Any CPU.Build.0 = Debug|Any CPU
		{C8937B97-C7AD-49D8-8655-7A8F0F818BBC}.Debug|x64.ActiveCfg = Debug|Any CPU
		{C8937B97-C7AD-49D8-8655-7A8F0F818BBC}.Debug|x64.Build.0 = Debug|Any CPU
		{C8937B97-C7AD-49D8-8655-7A8F0F818BBC}.Debug|x86.ActiveCfg = Debug|Any CPU
		{C8937B97-C7AD-49D8-8655-7A8F0F818BBC}.Debug|x86.Build.0 = Debug|Any CPU
		{C8937B97-C7AD-49D8-8655-7A8F0F818BBC}.Release|Any CPU.ActiveCfg = Release|Any CPU
		{C8937B97-C7AD-49D8-8655-7A8F0F818BBC}.Release|Any CPU.Build.0 = Release|Any CPU
		{C8937B97-C7AD-49D8-8655-7A8F0F818BBC}.Release|x64.ActiveCfg = Release|Any CPU
		{C8937B97-C7AD-49D8-8655-7A8F0F818BBC}.Release|x64.Build.0 = Release|Any CPU
		{C8937B97-C7AD-49D8-8655-7A8F0F818BBC}.Release|x86.ActiveCfg = Release|Any CPU
		{C8937B97-C7AD-49D8-8655-7A8F0F818BBC}.Release|x86.Build.0 = Release|Any CPU
		{D5F297EF-4649-46D4-994A-03F26CF4D5DE}.Debug|Any CPU.ActiveCfg = Debug|Any CPU
		{D5F297EF-4649-46D4-994A-03F26CF4D5DE}.Debug|Any CPU.Build.0 = Debug|Any CPU
		{D5F297EF-4649-46D4-994A-03F26CF4D5DE}.Debug|x64.ActiveCfg = Debug|Any CPU
		{D5F297EF-4649-46D4-994A-03F26CF4D5DE}.Debug|x64.Build.0 = Debug|Any CPU
		{D5F297EF-4649-46D4-994A-03F26CF4D5DE}.Debug|x86.ActiveCfg = Debug|Any CPU
		{D5F297EF-4649-46D4-994A-03F26CF4D5DE}.Debug|x86.Build.0 = Debug|Any CPU
		{D5F297EF-4649-46D4-994A-03F26CF4D5DE}.Release|Any CPU.ActiveCfg = Release|Any CPU
		{D5F297EF-4649-46D4-994A-03F26CF4D5DE}.Release|Any CPU.Build.0 = Release|Any CPU
		{D5F297EF-4649-46D4-994A-03F26CF4D5DE}.Release|x64.ActiveCfg = Release|Any CPU
		{D5F297EF-4649-46D4-994A-03F26CF4D5DE}.Release|x64.Build.0 = Release|Any CPU
		{D5F297EF-4649-46D4-994A-03F26CF4D5DE}.Release|x86.ActiveCfg = Release|Any CPU
		{D5F297EF-4649-46D4-994A-03F26CF4D5DE}.Release|x86.Build.0 = Release|Any CPU
		{86767A50-87BE-4A2A-B53E-CDAD29DCD67E}.Debug|Any CPU.ActiveCfg = Debug|Any CPU
		{86767A50-87BE-4A2A-B53E-CDAD29DCD67E}.Debug|Any CPU.Build.0 = Debug|Any CPU
		{86767A50-87BE-4A2A-B53E-CDAD29DCD67E}.Debug|x64.ActiveCfg = Debug|Any CPU
		{86767A50-87BE-4A2A-B53E-CDAD29DCD67E}.Debug|x64.Build.0 = Debug|Any CPU
		{86767A50-87BE-4A2A-B53E-CDAD29DCD67E}.Debug|x86.ActiveCfg = Debug|Any CPU
		{86767A50-87BE-4A2A-B53E-CDAD29DCD67E}.Debug|x86.Build.0 = Debug|Any CPU
		{86767A50-87BE-4A2A-B53E-CDAD29DCD67E}.Release|Any CPU.ActiveCfg = Release|Any CPU
		{86767A50-87BE-4A2A-B53E-CDAD29DCD67E}.Release|Any CPU.Build.0 = Release|Any CPU
		{86767A50-87BE-4A2A-B53E-CDAD29DCD67E}.Release|x64.ActiveCfg = Release|Any CPU
		{86767A50-87BE-4A2A-B53E-CDAD29DCD67E}.Release|x64.Build.0 = Release|Any CPU
		{86767A50-87BE-4A2A-B53E-CDAD29DCD67E}.Release|x86.ActiveCfg = Release|Any CPU
		{86767A50-87BE-4A2A-B53E-CDAD29DCD67E}.Release|x86.Build.0 = Release|Any CPU
		{CC6FA446-32C4-4E67-811C-C58D4E3670D0}.Debug|Any CPU.ActiveCfg = Debug|Any CPU
		{CC6FA446-32C4-4E67-811C-C58D4E3670D0}.Debug|Any CPU.Build.0 = Debug|Any CPU
		{CC6FA446-32C4-4E67-811C-C58D4E3670D0}.Debug|x64.ActiveCfg = Debug|Any CPU
		{CC6FA446-32C4-4E67-811C-C58D4E3670D0}.Debug|x64.Build.0 = Debug|Any CPU
		{CC6FA446-32C4-4E67-811C-C58D4E3670D0}.Debug|x86.ActiveCfg = Debug|Any CPU
		{CC6FA446-32C4-4E67-811C-C58D4E3670D0}.Debug|x86.Build.0 = Debug|Any CPU
		{CC6FA446-32C4-4E67-811C-C58D4E3670D0}.Release|Any CPU.ActiveCfg = Release|Any CPU
		{CC6FA446-32C4-4E67-811C-C58D4E3670D0}.Release|Any CPU.Build.0 = Release|Any CPU
		{CC6FA446-32C4-4E67-811C-C58D4E3670D0}.Release|x64.ActiveCfg = Release|Any CPU
		{CC6FA446-32C4-4E67-811C-C58D4E3670D0}.Release|x64.Build.0 = Release|Any CPU
		{CC6FA446-32C4-4E67-811C-C58D4E3670D0}.Release|x86.ActiveCfg = Release|Any CPU
		{CC6FA446-32C4-4E67-811C-C58D4E3670D0}.Release|x86.Build.0 = Release|Any CPU
		{A36931C8-4A4E-4A92-961C-D0AA6E8CB9C7}.Debug|Any CPU.ActiveCfg = Debug|Any CPU
		{A36931C8-4A4E-4A92-961C-D0AA6E8CB9C7}.Debug|Any CPU.Build.0 = Debug|Any CPU
		{A36931C8-4A4E-4A92-961C-D0AA6E8CB9C7}.Debug|x64.ActiveCfg = Debug|Any CPU
		{A36931C8-4A4E-4A92-961C-D0AA6E8CB9C7}.Debug|x64.Build.0 = Debug|Any CPU
		{A36931C8-4A4E-4A92-961C-D0AA6E8CB9C7}.Debug|x86.ActiveCfg = Debug|Any CPU
		{A36931C8-4A4E-4A92-961C-D0AA6E8CB9C7}.Debug|x86.Build.0 = Debug|Any CPU
		{A36931C8-4A4E-4A92-961C-D0AA6E8CB9C7}.Release|Any CPU.ActiveCfg = Release|Any CPU
		{A36931C8-4A4E-4A92-961C-D0AA6E8CB9C7}.Release|Any CPU.Build.0 = Release|Any CPU
		{A36931C8-4A4E-4A92-961C-D0AA6E8CB9C7}.Release|x64.ActiveCfg = Release|Any CPU
		{A36931C8-4A4E-4A92-961C-D0AA6E8CB9C7}.Release|x64.Build.0 = Release|Any CPU
		{A36931C8-4A4E-4A92-961C-D0AA6E8CB9C7}.Release|x86.ActiveCfg = Release|Any CPU
		{A36931C8-4A4E-4A92-961C-D0AA6E8CB9C7}.Release|x86.Build.0 = Release|Any CPU
		{0F2187F7-FEE7-4A93-A9CA-02EF03EBCB5F}.Debug|Any CPU.ActiveCfg = Debug|Any CPU
		{0F2187F7-FEE7-4A93-A9CA-02EF03EBCB5F}.Debug|Any CPU.Build.0 = Debug|Any CPU
		{0F2187F7-FEE7-4A93-A9CA-02EF03EBCB5F}.Debug|x64.ActiveCfg = Debug|Any CPU
		{0F2187F7-FEE7-4A93-A9CA-02EF03EBCB5F}.Debug|x64.Build.0 = Debug|Any CPU
		{0F2187F7-FEE7-4A93-A9CA-02EF03EBCB5F}.Debug|x86.ActiveCfg = Debug|Any CPU
		{0F2187F7-FEE7-4A93-A9CA-02EF03EBCB5F}.Debug|x86.Build.0 = Debug|Any CPU
		{0F2187F7-FEE7-4A93-A9CA-02EF03EBCB5F}.Release|Any CPU.ActiveCfg = Release|Any CPU
		{0F2187F7-FEE7-4A93-A9CA-02EF03EBCB5F}.Release|Any CPU.Build.0 = Release|Any CPU
		{0F2187F7-FEE7-4A93-A9CA-02EF03EBCB5F}.Release|x64.ActiveCfg = Release|Any CPU
		{0F2187F7-FEE7-4A93-A9CA-02EF03EBCB5F}.Release|x64.Build.0 = Release|Any CPU
		{0F2187F7-FEE7-4A93-A9CA-02EF03EBCB5F}.Release|x86.ActiveCfg = Release|Any CPU
		{0F2187F7-FEE7-4A93-A9CA-02EF03EBCB5F}.Release|x86.Build.0 = Release|Any CPU
		{837ED9F5-91A3-4AEB-9A29-22881643F6C2}.Debug|Any CPU.ActiveCfg = Debug|Any CPU
		{837ED9F5-91A3-4AEB-9A29-22881643F6C2}.Debug|Any CPU.Build.0 = Debug|Any CPU
		{837ED9F5-91A3-4AEB-9A29-22881643F6C2}.Debug|x64.ActiveCfg = Debug|Any CPU
		{837ED9F5-91A3-4AEB-9A29-22881643F6C2}.Debug|x64.Build.0 = Debug|Any CPU
		{837ED9F5-91A3-4AEB-9A29-22881643F6C2}.Debug|x86.ActiveCfg = Debug|Any CPU
		{837ED9F5-91A3-4AEB-9A29-22881643F6C2}.Debug|x86.Build.0 = Debug|Any CPU
		{837ED9F5-91A3-4AEB-9A29-22881643F6C2}.Release|Any CPU.ActiveCfg = Release|Any CPU
		{837ED9F5-91A3-4AEB-9A29-22881643F6C2}.Release|Any CPU.Build.0 = Release|Any CPU
		{837ED9F5-91A3-4AEB-9A29-22881643F6C2}.Release|x64.ActiveCfg = Release|Any CPU
		{837ED9F5-91A3-4AEB-9A29-22881643F6C2}.Release|x64.Build.0 = Release|Any CPU
		{837ED9F5-91A3-4AEB-9A29-22881643F6C2}.Release|x86.ActiveCfg = Release|Any CPU
		{837ED9F5-91A3-4AEB-9A29-22881643F6C2}.Release|x86.Build.0 = Release|Any CPU
		{E6ED6D3D-5CD0-4995-B50B-3739DA6AD1A3}.Debug|Any CPU.ActiveCfg = Debug|Any CPU
		{E6ED6D3D-5CD0-4995-B50B-3739DA6AD1A3}.Debug|Any CPU.Build.0 = Debug|Any CPU
		{E6ED6D3D-5CD0-4995-B50B-3739DA6AD1A3}.Debug|x64.ActiveCfg = Debug|Any CPU
		{E6ED6D3D-5CD0-4995-B50B-3739DA6AD1A3}.Debug|x64.Build.0 = Debug|Any CPU
		{E6ED6D3D-5CD0-4995-B50B-3739DA6AD1A3}.Debug|x86.ActiveCfg = Debug|Any CPU
		{E6ED6D3D-5CD0-4995-B50B-3739DA6AD1A3}.Debug|x86.Build.0 = Debug|Any CPU
		{E6ED6D3D-5CD0-4995-B50B-3739DA6AD1A3}.Release|Any CPU.ActiveCfg = Release|Any CPU
		{E6ED6D3D-5CD0-4995-B50B-3739DA6AD1A3}.Release|Any CPU.Build.0 = Release|Any CPU
		{E6ED6D3D-5CD0-4995-B50B-3739DA6AD1A3}.Release|x64.ActiveCfg = Release|Any CPU
		{E6ED6D3D-5CD0-4995-B50B-3739DA6AD1A3}.Release|x64.Build.0 = Release|Any CPU
		{E6ED6D3D-5CD0-4995-B50B-3739DA6AD1A3}.Release|x86.ActiveCfg = Release|Any CPU
		{E6ED6D3D-5CD0-4995-B50B-3739DA6AD1A3}.Release|x86.Build.0 = Release|Any CPU
		{1FC45D3A-B43E-4688-94DD-2F34A6C60496}.Debug|Any CPU.ActiveCfg = Debug|Any CPU
		{1FC45D3A-B43E-4688-94DD-2F34A6C60496}.Debug|Any CPU.Build.0 = Debug|Any CPU
		{1FC45D3A-B43E-4688-94DD-2F34A6C60496}.Debug|x64.ActiveCfg = Debug|Any CPU
		{1FC45D3A-B43E-4688-94DD-2F34A6C60496}.Debug|x64.Build.0 = Debug|Any CPU
		{1FC45D3A-B43E-4688-94DD-2F34A6C60496}.Debug|x86.ActiveCfg = Debug|Any CPU
		{1FC45D3A-B43E-4688-94DD-2F34A6C60496}.Debug|x86.Build.0 = Debug|Any CPU
		{1FC45D3A-B43E-4688-94DD-2F34A6C60496}.Release|Any CPU.ActiveCfg = Release|Any CPU
		{1FC45D3A-B43E-4688-94DD-2F34A6C60496}.Release|Any CPU.Build.0 = Release|Any CPU
		{1FC45D3A-B43E-4688-94DD-2F34A6C60496}.Release|x64.ActiveCfg = Release|Any CPU
		{1FC45D3A-B43E-4688-94DD-2F34A6C60496}.Release|x64.Build.0 = Release|Any CPU
		{1FC45D3A-B43E-4688-94DD-2F34A6C60496}.Release|x86.ActiveCfg = Release|Any CPU
		{1FC45D3A-B43E-4688-94DD-2F34A6C60496}.Release|x86.Build.0 = Release|Any CPU
		{87F13507-EAE4-456D-BBE3-2D2C94C3356A}.Debug|Any CPU.ActiveCfg = Debug|Any CPU
		{87F13507-EAE4-456D-BBE3-2D2C94C3356A}.Debug|Any CPU.Build.0 = Debug|Any CPU
		{87F13507-EAE4-456D-BBE3-2D2C94C3356A}.Debug|x64.ActiveCfg = Debug|Any CPU
		{87F13507-EAE4-456D-BBE3-2D2C94C3356A}.Debug|x64.Build.0 = Debug|Any CPU
		{87F13507-EAE4-456D-BBE3-2D2C94C3356A}.Debug|x86.ActiveCfg = Debug|Any CPU
		{87F13507-EAE4-456D-BBE3-2D2C94C3356A}.Debug|x86.Build.0 = Debug|Any CPU
		{87F13507-EAE4-456D-BBE3-2D2C94C3356A}.Release|Any CPU.ActiveCfg = Release|Any CPU
		{87F13507-EAE4-456D-BBE3-2D2C94C3356A}.Release|Any CPU.Build.0 = Release|Any CPU
		{87F13507-EAE4-456D-BBE3-2D2C94C3356A}.Release|x64.ActiveCfg = Release|Any CPU
		{87F13507-EAE4-456D-BBE3-2D2C94C3356A}.Release|x64.Build.0 = Release|Any CPU
		{87F13507-EAE4-456D-BBE3-2D2C94C3356A}.Release|x86.ActiveCfg = Release|Any CPU
		{87F13507-EAE4-456D-BBE3-2D2C94C3356A}.Release|x86.Build.0 = Release|Any CPU
		{9F64CDFF-6347-4F62-B74F-C6CA2743E667}.Debug|Any CPU.ActiveCfg = Debug|Any CPU
		{9F64CDFF-6347-4F62-B74F-C6CA2743E667}.Debug|Any CPU.Build.0 = Debug|Any CPU
		{9F64CDFF-6347-4F62-B74F-C6CA2743E667}.Debug|x64.ActiveCfg = Debug|Any CPU
		{9F64CDFF-6347-4F62-B74F-C6CA2743E667}.Debug|x64.Build.0 = Debug|Any CPU
		{9F64CDFF-6347-4F62-B74F-C6CA2743E667}.Debug|x86.ActiveCfg = Debug|Any CPU
		{9F64CDFF-6347-4F62-B74F-C6CA2743E667}.Debug|x86.Build.0 = Debug|Any CPU
		{9F64CDFF-6347-4F62-B74F-C6CA2743E667}.Release|Any CPU.ActiveCfg = Release|Any CPU
		{9F64CDFF-6347-4F62-B74F-C6CA2743E667}.Release|Any CPU.Build.0 = Release|Any CPU
		{9F64CDFF-6347-4F62-B74F-C6CA2743E667}.Release|x64.ActiveCfg = Release|Any CPU
		{9F64CDFF-6347-4F62-B74F-C6CA2743E667}.Release|x64.Build.0 = Release|Any CPU
		{9F64CDFF-6347-4F62-B74F-C6CA2743E667}.Release|x86.ActiveCfg = Release|Any CPU
		{9F64CDFF-6347-4F62-B74F-C6CA2743E667}.Release|x86.Build.0 = Release|Any CPU
		{7F9CAFD6-D361-4CB8-A6E1-7F1D0BEE4AEB}.Debug|Any CPU.ActiveCfg = Debug|Any CPU
		{7F9CAFD6-D361-4CB8-A6E1-7F1D0BEE4AEB}.Debug|Any CPU.Build.0 = Debug|Any CPU
		{7F9CAFD6-D361-4CB8-A6E1-7F1D0BEE4AEB}.Debug|x64.ActiveCfg = Debug|Any CPU
		{7F9CAFD6-D361-4CB8-A6E1-7F1D0BEE4AEB}.Debug|x64.Build.0 = Debug|Any CPU
		{7F9CAFD6-D361-4CB8-A6E1-7F1D0BEE4AEB}.Debug|x86.ActiveCfg = Debug|Any CPU
		{7F9CAFD6-D361-4CB8-A6E1-7F1D0BEE4AEB}.Debug|x86.Build.0 = Debug|Any CPU
		{7F9CAFD6-D361-4CB8-A6E1-7F1D0BEE4AEB}.Release|Any CPU.ActiveCfg = Release|Any CPU
		{7F9CAFD6-D361-4CB8-A6E1-7F1D0BEE4AEB}.Release|Any CPU.Build.0 = Release|Any CPU
		{7F9CAFD6-D361-4CB8-A6E1-7F1D0BEE4AEB}.Release|x64.ActiveCfg = Release|Any CPU
		{7F9CAFD6-D361-4CB8-A6E1-7F1D0BEE4AEB}.Release|x64.Build.0 = Release|Any CPU
		{7F9CAFD6-D361-4CB8-A6E1-7F1D0BEE4AEB}.Release|x86.ActiveCfg = Release|Any CPU
		{7F9CAFD6-D361-4CB8-A6E1-7F1D0BEE4AEB}.Release|x86.Build.0 = Release|Any CPU
		{34B6748E-64C1-46A3-AABE-56E215204542}.Debug|Any CPU.ActiveCfg = Debug|Any CPU
		{34B6748E-64C1-46A3-AABE-56E215204542}.Debug|Any CPU.Build.0 = Debug|Any CPU
		{34B6748E-64C1-46A3-AABE-56E215204542}.Debug|x64.ActiveCfg = Debug|Any CPU
		{34B6748E-64C1-46A3-AABE-56E215204542}.Debug|x64.Build.0 = Debug|Any CPU
		{34B6748E-64C1-46A3-AABE-56E215204542}.Debug|x86.ActiveCfg = Debug|Any CPU
		{34B6748E-64C1-46A3-AABE-56E215204542}.Debug|x86.Build.0 = Debug|Any CPU
		{34B6748E-64C1-46A3-AABE-56E215204542}.Release|Any CPU.ActiveCfg = Release|Any CPU
		{34B6748E-64C1-46A3-AABE-56E215204542}.Release|Any CPU.Build.0 = Release|Any CPU
		{34B6748E-64C1-46A3-AABE-56E215204542}.Release|x64.ActiveCfg = Release|Any CPU
		{34B6748E-64C1-46A3-AABE-56E215204542}.Release|x64.Build.0 = Release|Any CPU
		{34B6748E-64C1-46A3-AABE-56E215204542}.Release|x86.ActiveCfg = Release|Any CPU
		{34B6748E-64C1-46A3-AABE-56E215204542}.Release|x86.Build.0 = Release|Any CPU
		{C2806393-D1EB-4DDE-8A4B-AA65014B8D08}.Debug|Any CPU.ActiveCfg = Debug|Any CPU
		{C2806393-D1EB-4DDE-8A4B-AA65014B8D08}.Debug|Any CPU.Build.0 = Debug|Any CPU
		{C2806393-D1EB-4DDE-8A4B-AA65014B8D08}.Debug|x64.ActiveCfg = Debug|Any CPU
		{C2806393-D1EB-4DDE-8A4B-AA65014B8D08}.Debug|x64.Build.0 = Debug|Any CPU
		{C2806393-D1EB-4DDE-8A4B-AA65014B8D08}.Debug|x86.ActiveCfg = Debug|Any CPU
		{C2806393-D1EB-4DDE-8A4B-AA65014B8D08}.Debug|x86.Build.0 = Debug|Any CPU
		{C2806393-D1EB-4DDE-8A4B-AA65014B8D08}.Release|Any CPU.ActiveCfg = Release|Any CPU
		{C2806393-D1EB-4DDE-8A4B-AA65014B8D08}.Release|Any CPU.Build.0 = Release|Any CPU
		{C2806393-D1EB-4DDE-8A4B-AA65014B8D08}.Release|x64.ActiveCfg = Release|Any CPU
		{C2806393-D1EB-4DDE-8A4B-AA65014B8D08}.Release|x64.Build.0 = Release|Any CPU
		{C2806393-D1EB-4DDE-8A4B-AA65014B8D08}.Release|x86.ActiveCfg = Release|Any CPU
		{C2806393-D1EB-4DDE-8A4B-AA65014B8D08}.Release|x86.Build.0 = Release|Any CPU
		{54A378B8-9BA4-4082-A044-2A8DEA7DEAEA}.Debug|Any CPU.ActiveCfg = Debug|Any CPU
		{54A378B8-9BA4-4082-A044-2A8DEA7DEAEA}.Debug|Any CPU.Build.0 = Debug|Any CPU
		{54A378B8-9BA4-4082-A044-2A8DEA7DEAEA}.Debug|x64.ActiveCfg = Debug|Any CPU
		{54A378B8-9BA4-4082-A044-2A8DEA7DEAEA}.Debug|x64.Build.0 = Debug|Any CPU
		{54A378B8-9BA4-4082-A044-2A8DEA7DEAEA}.Debug|x86.ActiveCfg = Debug|Any CPU
		{54A378B8-9BA4-4082-A044-2A8DEA7DEAEA}.Debug|x86.Build.0 = Debug|Any CPU
		{54A378B8-9BA4-4082-A044-2A8DEA7DEAEA}.Release|Any CPU.ActiveCfg = Release|Any CPU
		{54A378B8-9BA4-4082-A044-2A8DEA7DEAEA}.Release|Any CPU.Build.0 = Release|Any CPU
		{54A378B8-9BA4-4082-A044-2A8DEA7DEAEA}.Release|x64.ActiveCfg = Release|Any CPU
		{54A378B8-9BA4-4082-A044-2A8DEA7DEAEA}.Release|x64.Build.0 = Release|Any CPU
		{54A378B8-9BA4-4082-A044-2A8DEA7DEAEA}.Release|x86.ActiveCfg = Release|Any CPU
		{54A378B8-9BA4-4082-A044-2A8DEA7DEAEA}.Release|x86.Build.0 = Release|Any CPU
		{665F5796-7F54-44D7-8976-9ADA169353F1}.Debug|Any CPU.ActiveCfg = Debug|Any CPU
		{665F5796-7F54-44D7-8976-9ADA169353F1}.Debug|Any CPU.Build.0 = Debug|Any CPU
		{665F5796-7F54-44D7-8976-9ADA169353F1}.Debug|x64.ActiveCfg = Debug|Any CPU
		{665F5796-7F54-44D7-8976-9ADA169353F1}.Debug|x64.Build.0 = Debug|Any CPU
		{665F5796-7F54-44D7-8976-9ADA169353F1}.Debug|x86.ActiveCfg = Debug|Any CPU
		{665F5796-7F54-44D7-8976-9ADA169353F1}.Debug|x86.Build.0 = Debug|Any CPU
		{665F5796-7F54-44D7-8976-9ADA169353F1}.Release|Any CPU.ActiveCfg = Release|Any CPU
		{665F5796-7F54-44D7-8976-9ADA169353F1}.Release|Any CPU.Build.0 = Release|Any CPU
		{665F5796-7F54-44D7-8976-9ADA169353F1}.Release|x64.ActiveCfg = Release|Any CPU
		{665F5796-7F54-44D7-8976-9ADA169353F1}.Release|x64.Build.0 = Release|Any CPU
		{665F5796-7F54-44D7-8976-9ADA169353F1}.Release|x86.ActiveCfg = Release|Any CPU
		{665F5796-7F54-44D7-8976-9ADA169353F1}.Release|x86.Build.0 = Release|Any CPU
	EndGlobalSection
	GlobalSection(SolutionProperties) = preSolution
		HideSolutionNode = FALSE
	EndGlobalSection
	GlobalSection(NestedProjects) = preSolution
		{69FEEE26-D7DA-481A-8943-593FE18248C0} = {DF545B54-78FB-42D0-A842-A1490A579B37}
		{EA6B36B1-DAD7-4CB6-BC6F-C3CC8C6ACEC3} = {DF545B54-78FB-42D0-A842-A1490A579B37}
		{DF368D6C-D11F-49F9-BF41-090AE1D10C6D} = {DF545B54-78FB-42D0-A842-A1490A579B37}
		{5B677422-CB6A-458A-ADA3-2532B3DCD6CA} = {DF368D6C-D11F-49F9-BF41-090AE1D10C6D}
		{B811CE95-288B-4614-8C83-7AA4328FC0E3} = {DF368D6C-D11F-49F9-BF41-090AE1D10C6D}
		{5C73CEBA-2D2E-4259-887C-3D18296D30B7} = {DF368D6C-D11F-49F9-BF41-090AE1D10C6D}
		{48C25F06-BAE2-4624-B4E1-C6BB2F1A5597} = {98BBB159-779B-497B-927B-723592E84860}
		{5DE7B3EF-E195-4527-B94D-E16FEE3D2EFE} = {98BBB159-779B-497B-927B-723592E84860}
		{F7FD7595-F9CE-49D0-8635-69C44EE65034} = {98BBB159-779B-497B-927B-723592E84860}
		{FE898782-780E-4B38-9786-C06008F3F96B} = {98BBB159-779B-497B-927B-723592E84860}
		{99E520F3-A816-4F23-85A8-383C9B04B9BE} = {DF368D6C-D11F-49F9-BF41-090AE1D10C6D}
		{8A861741-4569-4474-98F5-C7E961F800E3} = {DE50F426-4409-4573-8502-93364ED12E0C}
		{7DB383F3-F309-421A-8747-901E429F7582} = {DE50F426-4409-4573-8502-93364ED12E0C}
		{49AFD065-23BB-4E40-AEA5-39FF275FDA7A} = {98BBB159-779B-497B-927B-723592E84860}
		{E31D86C7-66E2-4F8B-916F-2B363A6A70F6} = {DE50F426-4409-4573-8502-93364ED12E0C}
		{A54917ED-90CE-4EDB-8B05-F402FC263E21} = {DE50F426-4409-4573-8502-93364ED12E0C}
		{C9A2B595-1AB6-4F46-8D5D-31C21AB87F47} = {DF368D6C-D11F-49F9-BF41-090AE1D10C6D}
		{1353D8BC-C5FC-4760-9D42-C9574AA7C2D4} = {DF368D6C-D11F-49F9-BF41-090AE1D10C6D}
		{F6FFE02C-E4E0-43C3-A2EC-34B62E7281C6} = {98BBB159-779B-497B-927B-723592E84860}
		{C8937B97-C7AD-49D8-8655-7A8F0F818BBC} = {F6FFE02C-E4E0-43C3-A2EC-34B62E7281C6}
		{D5F297EF-4649-46D4-994A-03F26CF4D5DE} = {F6FFE02C-E4E0-43C3-A2EC-34B62E7281C6}
		{86767A50-87BE-4A2A-B53E-CDAD29DCD67E} = {F6FFE02C-E4E0-43C3-A2EC-34B62E7281C6}
		{CC6FA446-32C4-4E67-811C-C58D4E3670D0} = {DE50F426-4409-4573-8502-93364ED12E0C}
		{A36931C8-4A4E-4A92-961C-D0AA6E8CB9C7} = {98BBB159-779B-497B-927B-723592E84860}
		{0F2187F7-FEE7-4A93-A9CA-02EF03EBCB5F} = {DE50F426-4409-4573-8502-93364ED12E0C}
		{837ED9F5-91A3-4AEB-9A29-22881643F6C2} = {DF545B54-78FB-42D0-A842-A1490A579B37}
		{E6ED6D3D-5CD0-4995-B50B-3739DA6AD1A3} = {DE50F426-4409-4573-8502-93364ED12E0C}
		{1FC45D3A-B43E-4688-94DD-2F34A6C60496} = {DE50F426-4409-4573-8502-93364ED12E0C}
		{87F13507-EAE4-456D-BBE3-2D2C94C3356A} = {DE50F426-4409-4573-8502-93364ED12E0C}
		{9F64CDFF-6347-4F62-B74F-C6CA2743E667} = {DF545B54-78FB-42D0-A842-A1490A579B37}
		{7F9CAFD6-D361-4CB8-A6E1-7F1D0BEE4AEB} = {DE50F426-4409-4573-8502-93364ED12E0C}
		{34B6748E-64C1-46A3-AABE-56E215204542} = {DE50F426-4409-4573-8502-93364ED12E0C}
		{8A3B91E5-02A3-42F0-B2E7-E419B5086FFA} = {DF545B54-78FB-42D0-A842-A1490A579B37}
		{C2806393-D1EB-4DDE-8A4B-AA65014B8D08} = {8A3B91E5-02A3-42F0-B2E7-E419B5086FFA}
		{54A378B8-9BA4-4082-A044-2A8DEA7DEAEA} = {8A3B91E5-02A3-42F0-B2E7-E419B5086FFA}
		{665F5796-7F54-44D7-8976-9ADA169353F1} = {8A3B91E5-02A3-42F0-B2E7-E419B5086FFA}
	EndGlobalSection
	GlobalSection(ExtensibilityGlobals) = postSolution
		SolutionGuid = {5283BE0B-F6F2-4458-B12F-64C78CFF8CBA}
	EndGlobalSection
EndGlobal
