
Microsoft Visual Studio Solution File, Format Version 12.00
# Visual Studio Version 16
VisualStudioVersion = 16.0.29230.47
MinimumVisualStudioVersion = 15.0.26124.0
Project("{2150E333-8FDC-42A3-9474-1A3956D46DE8}") = "src", "src", "{DF545B54-78FB-42D0-A842-A1490A579B37}"
EndProject
Project("{2150E333-8FDC-42A3-9474-1A3956D46DE8}") = "test", "test", "{DE50F426-4409-4573-8502-93364ED12E0C}"
EndProject
Project("{9A19103F-16F7-4668-BE54-9A1E7A4F7556}") = "Aguacongas.TheIdServer", "src\Aguacongas.TheIdServer\Aguacongas.TheIdServer.csproj", "{69FEEE26-D7DA-481A-8943-593FE18248C0}"
EndProject
Project("{9A19103F-16F7-4668-BE54-9A1E7A4F7556}") = "Aguacongas.TheIdServer.Shared", "src\Aguacongas.TheIdServer.Shared\Aguacongas.TheIdServer.Shared.csproj", "{6CB92ACA-F58E-46A7-9737-46C859B670D8}"
EndProject
Project("{9A19103F-16F7-4668-BE54-9A1E7A4F7556}") = "Aguacongas.TheIdServer.BlazorApp", "src\Aguacongas.TheIdServer.BlazorApp\Aguacongas.TheIdServer.BlazorApp.csproj", "{EA6B36B1-DAD7-4CB6-BC6F-C3CC8C6ACEC3}"
EndProject
Project("{2150E333-8FDC-42A3-9474-1A3956D46DE8}") = "IdentityServer", "IdentityServer", "{DF368D6C-D11F-49F9-BF41-090AE1D10C6D}"
EndProject
Project("{9A19103F-16F7-4668-BE54-9A1E7A4F7556}") = "Aguacongas.IdentityServer.EntityFramework.Store", "src\IdentityServer\Aguacongas.IdentityServer.EntityFramework.Store\Aguacongas.IdentityServer.EntityFramework.Store.csproj", "{5B677422-CB6A-458A-ADA3-2532B3DCD6CA}"
EndProject
Project("{9A19103F-16F7-4668-BE54-9A1E7A4F7556}") = "Aguacongas.IdentityServer.Store", "src\IdentityServer\Aguacongas.IdentityServer.Store\Aguacongas.IdentityServer.Store.csproj", "{B811CE95-288B-4614-8C83-7AA4328FC0E3}"
EndProject
Project("{9A19103F-16F7-4668-BE54-9A1E7A4F7556}") = "Aguacongas.IdentityServer.Admin", "src\IdentityServer\Aguacongas.IdentityServer.Admin\Aguacongas.IdentityServer.Admin.csproj", "{5C73CEBA-2D2E-4259-887C-3D18296D30B7}"
EndProject
Project("{2150E333-8FDC-42A3-9474-1A3956D46DE8}") = "sample", "sample", "{98BBB159-779B-497B-927B-723592E84860}"
EndProject
Project("{9A19103F-16F7-4668-BE54-9A1E7A4F7556}") = "Aguacongas.TheIdServer.ApiSample", "sample\Aguacongas.TheIdServer.ApiSample\Aguacongas.TheIdServer.ApiSample.csproj", "{48C25F06-BAE2-4624-B4E1-C6BB2F1A5597}"
EndProject
Project("{9A19103F-16F7-4668-BE54-9A1E7A4F7556}") = "Aguacongas.TheIdServer.MvcClient", "sample\Aguacongas.TheIdServer.MvcClient\Aguacongas.TheIdServer.MvcClient.csproj", "{5DE7B3EF-E195-4527-B94D-E16FEE3D2EFE}"
EndProject
Project("{9A19103F-16F7-4668-BE54-9A1E7A4F7556}") = "Aguacongas.TheIdServer.ClientCredential", "sample\Aguacongas.TheIdServer.ClientCredential\Aguacongas.TheIdServer.ClientCredential.csproj", "{B946443C-BFD1-4661-9330-24B2D0315B56}"
EndProject
Project("{9A19103F-16F7-4668-BE54-9A1E7A4F7556}") = "Aguacongas.TheIdentityServer.SpaSample", "sample\Aguacongas.TheIdentityServer.SpaSample\Aguacongas.TheIdentityServer.SpaSample.csproj", "{F7FD7595-F9CE-49D0-8635-69C44EE65034}"
EndProject
Project("{FAE04EC0-301F-11D3-BF4B-00C04F79EFBC}") = "Aguacongas.TheIdServer.Sample.Shared", "sample\Aguacongas.TheIdServer.Sample.Shared\Aguacongas.TheIdServer.Sample.Shared.csproj", "{FE898782-780E-4B38-9786-C06008F3F96B}"
EndProject
Global
	GlobalSection(SolutionConfigurationPlatforms) = preSolution
		Debug|Any CPU = Debug|Any CPU
		Debug|x64 = Debug|x64
		Debug|x86 = Debug|x86
		Release|Any CPU = Release|Any CPU
		Release|x64 = Release|x64
		Release|x86 = Release|x86
	EndGlobalSection
	GlobalSection(ProjectConfigurationPlatforms) = postSolution
		{69FEEE26-D7DA-481A-8943-593FE18248C0}.Debug|Any CPU.ActiveCfg = Debug|Any CPU
		{69FEEE26-D7DA-481A-8943-593FE18248C0}.Debug|Any CPU.Build.0 = Debug|Any CPU
		{69FEEE26-D7DA-481A-8943-593FE18248C0}.Debug|x64.ActiveCfg = Debug|Any CPU
		{69FEEE26-D7DA-481A-8943-593FE18248C0}.Debug|x64.Build.0 = Debug|Any CPU
		{69FEEE26-D7DA-481A-8943-593FE18248C0}.Debug|x86.ActiveCfg = Debug|Any CPU
		{69FEEE26-D7DA-481A-8943-593FE18248C0}.Debug|x86.Build.0 = Debug|Any CPU
		{69FEEE26-D7DA-481A-8943-593FE18248C0}.Release|Any CPU.ActiveCfg = Release|Any CPU
		{69FEEE26-D7DA-481A-8943-593FE18248C0}.Release|Any CPU.Build.0 = Release|Any CPU
		{69FEEE26-D7DA-481A-8943-593FE18248C0}.Release|x64.ActiveCfg = Release|Any CPU
		{69FEEE26-D7DA-481A-8943-593FE18248C0}.Release|x64.Build.0 = Release|Any CPU
		{69FEEE26-D7DA-481A-8943-593FE18248C0}.Release|x86.ActiveCfg = Release|Any CPU
		{69FEEE26-D7DA-481A-8943-593FE18248C0}.Release|x86.Build.0 = Release|Any CPU
		{6CB92ACA-F58E-46A7-9737-46C859B670D8}.Debug|Any CPU.ActiveCfg = Debug|Any CPU
		{6CB92ACA-F58E-46A7-9737-46C859B670D8}.Debug|Any CPU.Build.0 = Debug|Any CPU
		{6CB92ACA-F58E-46A7-9737-46C859B670D8}.Debug|x64.ActiveCfg = Debug|Any CPU
		{6CB92ACA-F58E-46A7-9737-46C859B670D8}.Debug|x64.Build.0 = Debug|Any CPU
		{6CB92ACA-F58E-46A7-9737-46C859B670D8}.Debug|x86.ActiveCfg = Debug|Any CPU
		{6CB92ACA-F58E-46A7-9737-46C859B670D8}.Debug|x86.Build.0 = Debug|Any CPU
		{6CB92ACA-F58E-46A7-9737-46C859B670D8}.Release|Any CPU.ActiveCfg = Release|Any CPU
		{6CB92ACA-F58E-46A7-9737-46C859B670D8}.Release|Any CPU.Build.0 = Release|Any CPU
		{6CB92ACA-F58E-46A7-9737-46C859B670D8}.Release|x64.ActiveCfg = Release|Any CPU
		{6CB92ACA-F58E-46A7-9737-46C859B670D8}.Release|x64.Build.0 = Release|Any CPU
		{6CB92ACA-F58E-46A7-9737-46C859B670D8}.Release|x86.ActiveCfg = Release|Any CPU
		{6CB92ACA-F58E-46A7-9737-46C859B670D8}.Release|x86.Build.0 = Release|Any CPU
		{EA6B36B1-DAD7-4CB6-BC6F-C3CC8C6ACEC3}.Debug|Any CPU.ActiveCfg = Debug|Any CPU
		{EA6B36B1-DAD7-4CB6-BC6F-C3CC8C6ACEC3}.Debug|Any CPU.Build.0 = Debug|Any CPU
		{EA6B36B1-DAD7-4CB6-BC6F-C3CC8C6ACEC3}.Debug|x64.ActiveCfg = Debug|Any CPU
		{EA6B36B1-DAD7-4CB6-BC6F-C3CC8C6ACEC3}.Debug|x64.Build.0 = Debug|Any CPU
		{EA6B36B1-DAD7-4CB6-BC6F-C3CC8C6ACEC3}.Debug|x86.ActiveCfg = Debug|Any CPU
		{EA6B36B1-DAD7-4CB6-BC6F-C3CC8C6ACEC3}.Debug|x86.Build.0 = Debug|Any CPU
		{EA6B36B1-DAD7-4CB6-BC6F-C3CC8C6ACEC3}.Release|Any CPU.ActiveCfg = Release|Any CPU
		{EA6B36B1-DAD7-4CB6-BC6F-C3CC8C6ACEC3}.Release|Any CPU.Build.0 = Release|Any CPU
		{EA6B36B1-DAD7-4CB6-BC6F-C3CC8C6ACEC3}.Release|x64.ActiveCfg = Release|Any CPU
		{EA6B36B1-DAD7-4CB6-BC6F-C3CC8C6ACEC3}.Release|x64.Build.0 = Release|Any CPU
		{EA6B36B1-DAD7-4CB6-BC6F-C3CC8C6ACEC3}.Release|x86.ActiveCfg = Release|Any CPU
		{EA6B36B1-DAD7-4CB6-BC6F-C3CC8C6ACEC3}.Release|x86.Build.0 = Release|Any CPU
		{5B677422-CB6A-458A-ADA3-2532B3DCD6CA}.Debug|Any CPU.ActiveCfg = Debug|Any CPU
		{5B677422-CB6A-458A-ADA3-2532B3DCD6CA}.Debug|Any CPU.Build.0 = Debug|Any CPU
		{5B677422-CB6A-458A-ADA3-2532B3DCD6CA}.Debug|x64.ActiveCfg = Debug|Any CPU
		{5B677422-CB6A-458A-ADA3-2532B3DCD6CA}.Debug|x64.Build.0 = Debug|Any CPU
		{5B677422-CB6A-458A-ADA3-2532B3DCD6CA}.Debug|x86.ActiveCfg = Debug|Any CPU
		{5B677422-CB6A-458A-ADA3-2532B3DCD6CA}.Debug|x86.Build.0 = Debug|Any CPU
		{5B677422-CB6A-458A-ADA3-2532B3DCD6CA}.Release|Any CPU.ActiveCfg = Release|Any CPU
		{5B677422-CB6A-458A-ADA3-2532B3DCD6CA}.Release|Any CPU.Build.0 = Release|Any CPU
		{5B677422-CB6A-458A-ADA3-2532B3DCD6CA}.Release|x64.ActiveCfg = Release|Any CPU
		{5B677422-CB6A-458A-ADA3-2532B3DCD6CA}.Release|x64.Build.0 = Release|Any CPU
		{5B677422-CB6A-458A-ADA3-2532B3DCD6CA}.Release|x86.ActiveCfg = Release|Any CPU
		{5B677422-CB6A-458A-ADA3-2532B3DCD6CA}.Release|x86.Build.0 = Release|Any CPU
		{B811CE95-288B-4614-8C83-7AA4328FC0E3}.Debug|Any CPU.ActiveCfg = Debug|Any CPU
		{B811CE95-288B-4614-8C83-7AA4328FC0E3}.Debug|Any CPU.Build.0 = Debug|Any CPU
		{B811CE95-288B-4614-8C83-7AA4328FC0E3}.Debug|x64.ActiveCfg = Debug|Any CPU
		{B811CE95-288B-4614-8C83-7AA4328FC0E3}.Debug|x64.Build.0 = Debug|Any CPU
		{B811CE95-288B-4614-8C83-7AA4328FC0E3}.Debug|x86.ActiveCfg = Debug|Any CPU
		{B811CE95-288B-4614-8C83-7AA4328FC0E3}.Debug|x86.Build.0 = Debug|Any CPU
		{B811CE95-288B-4614-8C83-7AA4328FC0E3}.Release|Any CPU.ActiveCfg = Release|Any CPU
		{B811CE95-288B-4614-8C83-7AA4328FC0E3}.Release|Any CPU.Build.0 = Release|Any CPU
		{B811CE95-288B-4614-8C83-7AA4328FC0E3}.Release|x64.ActiveCfg = Release|Any CPU
		{B811CE95-288B-4614-8C83-7AA4328FC0E3}.Release|x64.Build.0 = Release|Any CPU
		{B811CE95-288B-4614-8C83-7AA4328FC0E3}.Release|x86.ActiveCfg = Release|Any CPU
		{B811CE95-288B-4614-8C83-7AA4328FC0E3}.Release|x86.Build.0 = Release|Any CPU
		{5C73CEBA-2D2E-4259-887C-3D18296D30B7}.Debug|Any CPU.ActiveCfg = Debug|Any CPU
		{5C73CEBA-2D2E-4259-887C-3D18296D30B7}.Debug|Any CPU.Build.0 = Debug|Any CPU
		{5C73CEBA-2D2E-4259-887C-3D18296D30B7}.Debug|x64.ActiveCfg = Debug|Any CPU
		{5C73CEBA-2D2E-4259-887C-3D18296D30B7}.Debug|x64.Build.0 = Debug|Any CPU
		{5C73CEBA-2D2E-4259-887C-3D18296D30B7}.Debug|x86.ActiveCfg = Debug|Any CPU
		{5C73CEBA-2D2E-4259-887C-3D18296D30B7}.Debug|x86.Build.0 = Debug|Any CPU
		{5C73CEBA-2D2E-4259-887C-3D18296D30B7}.Release|Any CPU.ActiveCfg = Release|Any CPU
		{5C73CEBA-2D2E-4259-887C-3D18296D30B7}.Release|Any CPU.Build.0 = Release|Any CPU
		{5C73CEBA-2D2E-4259-887C-3D18296D30B7}.Release|x64.ActiveCfg = Release|Any CPU
		{5C73CEBA-2D2E-4259-887C-3D18296D30B7}.Release|x64.Build.0 = Release|Any CPU
		{5C73CEBA-2D2E-4259-887C-3D18296D30B7}.Release|x86.ActiveCfg = Release|Any CPU
		{5C73CEBA-2D2E-4259-887C-3D18296D30B7}.Release|x86.Build.0 = Release|Any CPU
		{48C25F06-BAE2-4624-B4E1-C6BB2F1A5597}.Debug|Any CPU.ActiveCfg = Debug|Any CPU
		{48C25F06-BAE2-4624-B4E1-C6BB2F1A5597}.Debug|Any CPU.Build.0 = Debug|Any CPU
		{48C25F06-BAE2-4624-B4E1-C6BB2F1A5597}.Debug|x64.ActiveCfg = Debug|Any CPU
		{48C25F06-BAE2-4624-B4E1-C6BB2F1A5597}.Debug|x64.Build.0 = Debug|Any CPU
		{48C25F06-BAE2-4624-B4E1-C6BB2F1A5597}.Debug|x86.ActiveCfg = Debug|Any CPU
		{48C25F06-BAE2-4624-B4E1-C6BB2F1A5597}.Debug|x86.Build.0 = Debug|Any CPU
		{48C25F06-BAE2-4624-B4E1-C6BB2F1A5597}.Release|Any CPU.ActiveCfg = Release|Any CPU
		{48C25F06-BAE2-4624-B4E1-C6BB2F1A5597}.Release|Any CPU.Build.0 = Release|Any CPU
		{48C25F06-BAE2-4624-B4E1-C6BB2F1A5597}.Release|x64.ActiveCfg = Release|Any CPU
		{48C25F06-BAE2-4624-B4E1-C6BB2F1A5597}.Release|x64.Build.0 = Release|Any CPU
		{48C25F06-BAE2-4624-B4E1-C6BB2F1A5597}.Release|x86.ActiveCfg = Release|Any CPU
		{48C25F06-BAE2-4624-B4E1-C6BB2F1A5597}.Release|x86.Build.0 = Release|Any CPU
		{5DE7B3EF-E195-4527-B94D-E16FEE3D2EFE}.Debug|Any CPU.ActiveCfg = Debug|Any CPU
		{5DE7B3EF-E195-4527-B94D-E16FEE3D2EFE}.Debug|Any CPU.Build.0 = Debug|Any CPU
		{5DE7B3EF-E195-4527-B94D-E16FEE3D2EFE}.Debug|x64.ActiveCfg = Debug|Any CPU
		{5DE7B3EF-E195-4527-B94D-E16FEE3D2EFE}.Debug|x64.Build.0 = Debug|Any CPU
		{5DE7B3EF-E195-4527-B94D-E16FEE3D2EFE}.Debug|x86.ActiveCfg = Debug|Any CPU
		{5DE7B3EF-E195-4527-B94D-E16FEE3D2EFE}.Debug|x86.Build.0 = Debug|Any CPU
		{5DE7B3EF-E195-4527-B94D-E16FEE3D2EFE}.Release|Any CPU.ActiveCfg = Release|Any CPU
		{5DE7B3EF-E195-4527-B94D-E16FEE3D2EFE}.Release|Any CPU.Build.0 = Release|Any CPU
		{5DE7B3EF-E195-4527-B94D-E16FEE3D2EFE}.Release|x64.ActiveCfg = Release|Any CPU
		{5DE7B3EF-E195-4527-B94D-E16FEE3D2EFE}.Release|x64.Build.0 = Release|Any CPU
		{5DE7B3EF-E195-4527-B94D-E16FEE3D2EFE}.Release|x86.ActiveCfg = Release|Any CPU
		{5DE7B3EF-E195-4527-B94D-E16FEE3D2EFE}.Release|x86.Build.0 = Release|Any CPU
		{B946443C-BFD1-4661-9330-24B2D0315B56}.Debug|Any CPU.ActiveCfg = Debug|Any CPU
		{B946443C-BFD1-4661-9330-24B2D0315B56}.Debug|Any CPU.Build.0 = Debug|Any CPU
		{B946443C-BFD1-4661-9330-24B2D0315B56}.Debug|x64.ActiveCfg = Debug|Any CPU
		{B946443C-BFD1-4661-9330-24B2D0315B56}.Debug|x64.Build.0 = Debug|Any CPU
		{B946443C-BFD1-4661-9330-24B2D0315B56}.Debug|x86.ActiveCfg = Debug|Any CPU
		{B946443C-BFD1-4661-9330-24B2D0315B56}.Debug|x86.Build.0 = Debug|Any CPU
		{B946443C-BFD1-4661-9330-24B2D0315B56}.Release|Any CPU.ActiveCfg = Release|Any CPU
		{B946443C-BFD1-4661-9330-24B2D0315B56}.Release|Any CPU.Build.0 = Release|Any CPU
		{B946443C-BFD1-4661-9330-24B2D0315B56}.Release|x64.ActiveCfg = Release|Any CPU
		{B946443C-BFD1-4661-9330-24B2D0315B56}.Release|x64.Build.0 = Release|Any CPU
		{B946443C-BFD1-4661-9330-24B2D0315B56}.Release|x86.ActiveCfg = Release|Any CPU
		{B946443C-BFD1-4661-9330-24B2D0315B56}.Release|x86.Build.0 = Release|Any CPU
		{F7FD7595-F9CE-49D0-8635-69C44EE65034}.Debug|Any CPU.ActiveCfg = Debug|Any CPU
		{F7FD7595-F9CE-49D0-8635-69C44EE65034}.Debug|Any CPU.Build.0 = Debug|Any CPU
		{F7FD7595-F9CE-49D0-8635-69C44EE65034}.Debug|x64.ActiveCfg = Debug|Any CPU
		{F7FD7595-F9CE-49D0-8635-69C44EE65034}.Debug|x64.Build.0 = Debug|Any CPU
		{F7FD7595-F9CE-49D0-8635-69C44EE65034}.Debug|x86.ActiveCfg = Debug|Any CPU
		{F7FD7595-F9CE-49D0-8635-69C44EE65034}.Debug|x86.Build.0 = Debug|Any CPU
		{F7FD7595-F9CE-49D0-8635-69C44EE65034}.Release|Any CPU.ActiveCfg = Release|Any CPU
		{F7FD7595-F9CE-49D0-8635-69C44EE65034}.Release|Any CPU.Build.0 = Release|Any CPU
		{F7FD7595-F9CE-49D0-8635-69C44EE65034}.Release|x64.ActiveCfg = Release|Any CPU
		{F7FD7595-F9CE-49D0-8635-69C44EE65034}.Release|x64.Build.0 = Release|Any CPU
		{F7FD7595-F9CE-49D0-8635-69C44EE65034}.Release|x86.ActiveCfg = Release|Any CPU
		{F7FD7595-F9CE-49D0-8635-69C44EE65034}.Release|x86.Build.0 = Release|Any CPU
		{FE898782-780E-4B38-9786-C06008F3F96B}.Debug|Any CPU.ActiveCfg = Debug|Any CPU
		{FE898782-780E-4B38-9786-C06008F3F96B}.Debug|Any CPU.Build.0 = Debug|Any CPU
		{FE898782-780E-4B38-9786-C06008F3F96B}.Debug|x64.ActiveCfg = Debug|Any CPU
		{FE898782-780E-4B38-9786-C06008F3F96B}.Debug|x64.Build.0 = Debug|Any CPU
		{FE898782-780E-4B38-9786-C06008F3F96B}.Debug|x86.ActiveCfg = Debug|Any CPU
		{FE898782-780E-4B38-9786-C06008F3F96B}.Debug|x86.Build.0 = Debug|Any CPU
		{FE898782-780E-4B38-9786-C06008F3F96B}.Release|Any CPU.ActiveCfg = Release|Any CPU
		{FE898782-780E-4B38-9786-C06008F3F96B}.Release|Any CPU.Build.0 = Release|Any CPU
		{FE898782-780E-4B38-9786-C06008F3F96B}.Release|x64.ActiveCfg = Release|Any CPU
		{FE898782-780E-4B38-9786-C06008F3F96B}.Release|x64.Build.0 = Release|Any CPU
		{FE898782-780E-4B38-9786-C06008F3F96B}.Release|x86.ActiveCfg = Release|Any CPU
		{FE898782-780E-4B38-9786-C06008F3F96B}.Release|x86.Build.0 = Release|Any CPU
	EndGlobalSection
	GlobalSection(SolutionProperties) = preSolution
		HideSolutionNode = FALSE
	EndGlobalSection
	GlobalSection(NestedProjects) = preSolution
		{69FEEE26-D7DA-481A-8943-593FE18248C0} = {DF545B54-78FB-42D0-A842-A1490A579B37}
		{6CB92ACA-F58E-46A7-9737-46C859B670D8} = {DF545B54-78FB-42D0-A842-A1490A579B37}
		{EA6B36B1-DAD7-4CB6-BC6F-C3CC8C6ACEC3} = {DF545B54-78FB-42D0-A842-A1490A579B37}
		{DF368D6C-D11F-49F9-BF41-090AE1D10C6D} = {DF545B54-78FB-42D0-A842-A1490A579B37}
		{5B677422-CB6A-458A-ADA3-2532B3DCD6CA} = {DF368D6C-D11F-49F9-BF41-090AE1D10C6D}
		{B811CE95-288B-4614-8C83-7AA4328FC0E3} = {DF368D6C-D11F-49F9-BF41-090AE1D10C6D}
		{5C73CEBA-2D2E-4259-887C-3D18296D30B7} = {DF368D6C-D11F-49F9-BF41-090AE1D10C6D}
		{48C25F06-BAE2-4624-B4E1-C6BB2F1A5597} = {98BBB159-779B-497B-927B-723592E84860}
		{5DE7B3EF-E195-4527-B94D-E16FEE3D2EFE} = {98BBB159-779B-497B-927B-723592E84860}
		{B946443C-BFD1-4661-9330-24B2D0315B56} = {98BBB159-779B-497B-927B-723592E84860}
		{F7FD7595-F9CE-49D0-8635-69C44EE65034} = {98BBB159-779B-497B-927B-723592E84860}
		{FE898782-780E-4B38-9786-C06008F3F96B} = {98BBB159-779B-497B-927B-723592E84860}
	EndGlobalSection
	GlobalSection(ExtensibilityGlobals) = postSolution
		SolutionGuid = {5283BE0B-F6F2-4458-B12F-64C78CFF8CBA}
	EndGlobalSection
EndGlobal
